
Microsoft Visual Studio Solution File, Format Version 12.00
Project("{FAE04EC0-301F-11D3-BF4B-00C04F79EFBC}") = "WPFNorthwindDB", "WPFNorthwindDB\WPFNorthwindDB.csproj", "{43D464D7-65F2-43D1-82F9-E08B5C3FCB89}"
EndProject
Project("{FAE04EC0-301F-11D3-BF4B-00C04F79EFBC}") = "NorthwindDB", "NorthwindDB\NorthwindDB.csproj", "{1E7B73DE-A613-4355-8CA0-D43680AECCBE}"
EndProject
Global
	GlobalSection(SolutionConfigurationPlatforms) = preSolution
		Debug|Any CPU = Debug|Any CPU
		Release|Any CPU = Release|Any CPU
	EndGlobalSection
	GlobalSection(ProjectConfigurationPlatforms) = postSolution
		{43D464D7-65F2-43D1-82F9-E08B5C3FCB89}.Debug|Any CPU.ActiveCfg = Debug|Any CPU
		{43D464D7-65F2-43D1-82F9-E08B5C3FCB89}.Debug|Any CPU.Build.0 = Debug|Any CPU
		{43D464D7-65F2-43D1-82F9-E08B5C3FCB89}.Release|Any CPU.ActiveCfg = Release|Any CPU
		{43D464D7-65F2-43D1-82F9-E08B5C3FCB89}.Release|Any CPU.Build.0 = Release|Any CPU
		{1E7B73DE-A613-4355-8CA0-D43680AECCBE}.Debug|Any CPU.ActiveCfg = Debug|Any CPU
		{1E7B73DE-A613-4355-8CA0-D43680AECCBE}.Debug|Any CPU.Build.0 = Debug|Any CPU
		{1E7B73DE-A613-4355-8CA0-D43680AECCBE}.Release|Any CPU.ActiveCfg = Release|Any CPU
		{1E7B73DE-A613-4355-8CA0-D43680AECCBE}.Release|Any CPU.Build.0 = Release|Any CPU
	EndGlobalSection
EndGlobal
